
Microsoft Visual Studio Solution File, Format Version 12.00
# Visual Studio Version 16
VisualStudioVersion = 16.0.30503.244
MinimumVisualStudioVersion = 10.0.40219.1
Project("{8BC9CEB8-8B4A-11D0-8D11-00A0C91BC942}") = "Day1", "Day1\Day1.vcxproj", "{0C7A48FF-2195-4565-B649-7AD8E366F178}"
EndProject
Project("{8BC9CEB8-8B4A-11D0-8D11-00A0C91BC942}") = "Day2", "Day2\Day2.vcxproj", "{A8C64324-DC6C-4D27-8DD2-420A8690F5E9}"
EndProject
Project("{8BC9CEB8-8B4A-11D0-8D11-00A0C91BC942}") = "Day3", "Day3\Day3.vcxproj", "{CD376C08-0F13-49EF-94DB-77525A5063F2}"
EndProject
Project("{8BC9CEB8-8B4A-11D0-8D11-00A0C91BC942}") = "Day4", "Day4\Day4.vcxproj", "{3CB0C3CD-0CBF-4096-9798-0C8F909E7D0E}"
EndProject
Project("{8BC9CEB8-8B4A-11D0-8D11-00A0C91BC942}") = "Day5", "Day5\Day5.vcxproj", "{E3FE4106-0470-4396-B26B-B69973E827B1}"
EndProject
Project("{8BC9CEB8-8B4A-11D0-8D11-00A0C91BC942}") = "Day6", "Day6\Day6.vcxproj", "{87394CA7-7453-44C6-86D5-98F9FE758B01}"
EndProject
Project("{8BC9CEB8-8B4A-11D0-8D11-00A0C91BC942}") = "Day7", "Day7\Day7.vcxproj", "{8DB432D7-D711-44D8-9D10-515FF387FAB9}"
EndProject
Project("{8BC9CEB8-8B4A-11D0-8D11-00A0C91BC942}") = "Day8", "Day8\Day8.vcxproj", "{246EC47C-95FF-4434-B4B4-13698B7C38A2}"
EndProject
Project("{8BC9CEB8-8B4A-11D0-8D11-00A0C91BC942}") = "Day9", "Day9\Day9.vcxproj", "{D8F84074-1CB2-488B-9F91-BC286E99158B}"
EndProject
Global
	GlobalSection(SolutionConfigurationPlatforms) = preSolution
		Debug|x64 = Debug|x64
		Debug|x86 = Debug|x86
		Release|x64 = Release|x64
		Release|x86 = Release|x86
	EndGlobalSection
	GlobalSection(ProjectConfigurationPlatforms) = postSolution
		{0C7A48FF-2195-4565-B649-7AD8E366F178}.Debug|x64.ActiveCfg = Debug|x64
		{0C7A48FF-2195-4565-B649-7AD8E366F178}.Debug|x64.Build.0 = Debug|x64
		{0C7A48FF-2195-4565-B649-7AD8E366F178}.Debug|x86.ActiveCfg = Debug|Win32
		{0C7A48FF-2195-4565-B649-7AD8E366F178}.Debug|x86.Build.0 = Debug|Win32
		{0C7A48FF-2195-4565-B649-7AD8E366F178}.Release|x64.ActiveCfg = Release|x64
		{0C7A48FF-2195-4565-B649-7AD8E366F178}.Release|x64.Build.0 = Release|x64
		{0C7A48FF-2195-4565-B649-7AD8E366F178}.Release|x86.ActiveCfg = Release|Win32
		{0C7A48FF-2195-4565-B649-7AD8E366F178}.Release|x86.Build.0 = Release|Win32
		{A8C64324-DC6C-4D27-8DD2-420A8690F5E9}.Debug|x64.ActiveCfg = Debug|x64
		{A8C64324-DC6C-4D27-8DD2-420A8690F5E9}.Debug|x64.Build.0 = Debug|x64
		{A8C64324-DC6C-4D27-8DD2-420A8690F5E9}.Debug|x86.ActiveCfg = Debug|Win32
		{A8C64324-DC6C-4D27-8DD2-420A8690F5E9}.Debug|x86.Build.0 = Debug|Win32
		{A8C64324-DC6C-4D27-8DD2-420A8690F5E9}.Release|x64.ActiveCfg = Release|x64
		{A8C64324-DC6C-4D27-8DD2-420A8690F5E9}.Release|x64.Build.0 = Release|x64
		{A8C64324-DC6C-4D27-8DD2-420A8690F5E9}.Release|x86.ActiveCfg = Release|Win32
		{A8C64324-DC6C-4D27-8DD2-420A8690F5E9}.Release|x86.Build.0 = Release|Win32
		{CD376C08-0F13-49EF-94DB-77525A5063F2}.Debug|x64.ActiveCfg = Debug|x64
		{CD376C08-0F13-49EF-94DB-77525A5063F2}.Debug|x64.Build.0 = Debug|x64
		{CD376C08-0F13-49EF-94DB-77525A5063F2}.Debug|x86.ActiveCfg = Debug|Win32
		{CD376C08-0F13-49EF-94DB-77525A5063F2}.Debug|x86.Build.0 = Debug|Win32
		{CD376C08-0F13-49EF-94DB-77525A5063F2}.Release|x64.ActiveCfg = Release|x64
		{CD376C08-0F13-49EF-94DB-77525A5063F2}.Release|x64.Build.0 = Release|x64
		{CD376C08-0F13-49EF-94DB-77525A5063F2}.Release|x86.ActiveCfg = Release|Win32
		{CD376C08-0F13-49EF-94DB-77525A5063F2}.Release|x86.Build.0 = Release|Win32
		{3CB0C3CD-0CBF-4096-9798-0C8F909E7D0E}.Debug|x64.ActiveCfg = Debug|x64
		{3CB0C3CD-0CBF-4096-9798-0C8F909E7D0E}.Debug|x64.Build.0 = Debug|x64
		{3CB0C3CD-0CBF-4096-9798-0C8F909E7D0E}.Debug|x86.ActiveCfg = Debug|Win32
		{3CB0C3CD-0CBF-4096-9798-0C8F909E7D0E}.Debug|x86.Build.0 = Debug|Win32
		{3CB0C3CD-0CBF-4096-9798-0C8F909E7D0E}.Release|x64.ActiveCfg = Release|x64
		{3CB0C3CD-0CBF-4096-9798-0C8F909E7D0E}.Release|x64.Build.0 = Release|x64
		{3CB0C3CD-0CBF-4096-9798-0C8F909E7D0E}.Release|x86.ActiveCfg = Release|Win32
		{3CB0C3CD-0CBF-4096-9798-0C8F909E7D0E}.Release|x86.Build.0 = Release|Win32
		{E3FE4106-0470-4396-B26B-B69973E827B1}.Debug|x64.ActiveCfg = Debug|x64
		{E3FE4106-0470-4396-B26B-B69973E827B1}.Debug|x64.Build.0 = Debug|x64
		{E3FE4106-0470-4396-B26B-B69973E827B1}.Debug|x86.ActiveCfg = Debug|Win32
		{E3FE4106-0470-4396-B26B-B69973E827B1}.Debug|x86.Build.0 = Debug|Win32
		{E3FE4106-0470-4396-B26B-B69973E827B1}.Release|x64.ActiveCfg = Release|x64
		{E3FE4106-0470-4396-B26B-B69973E827B1}.Release|x64.Build.0 = Release|x64
		{E3FE4106-0470-4396-B26B-B69973E827B1}.Release|x86.ActiveCfg = Release|Win32
		{E3FE4106-0470-4396-B26B-B69973E827B1}.Release|x86.Build.0 = Release|Win32
		{87394CA7-7453-44C6-86D5-98F9FE758B01}.Debug|x64.ActiveCfg = Debug|x64
		{87394CA7-7453-44C6-86D5-98F9FE758B01}.Debug|x64.Build.0 = Debug|x64
		{87394CA7-7453-44C6-86D5-98F9FE758B01}.Debug|x86.ActiveCfg = Debug|Win32
		{87394CA7-7453-44C6-86D5-98F9FE758B01}.Debug|x86.Build.0 = Debug|Win32
		{87394CA7-7453-44C6-86D5-98F9FE758B01}.Release|x64.ActiveCfg = Release|x64
		{87394CA7-7453-44C6-86D5-98F9FE758B01}.Release|x64.Build.0 = Release|x64
		{87394CA7-7453-44C6-86D5-98F9FE758B01}.Release|x86.ActiveCfg = Release|Win32
		{87394CA7-7453-44C6-86D5-98F9FE758B01}.Release|x86.Build.0 = Release|Win32
		{8DB432D7-D711-44D8-9D10-515FF387FAB9}.Debug|x64.ActiveCfg = Debug|x64
		{8DB432D7-D711-44D8-9D10-515FF387FAB9}.Debug|x64.Build.0 = Debug|x64
		{8DB432D7-D711-44D8-9D10-515FF387FAB9}.Debug|x86.ActiveCfg = Debug|Win32
		{8DB432D7-D711-44D8-9D10-515FF387FAB9}.Debug|x86.Build.0 = Debug|Win32
		{8DB432D7-D711-44D8-9D10-515FF387FAB9}.Release|x64.ActiveCfg = Release|x64
		{8DB432D7-D711-44D8-9D10-515FF387FAB9}.Release|x64.Build.0 = Release|x64
		{8DB432D7-D711-44D8-9D10-515FF387FAB9}.Release|x86.ActiveCfg = Release|Win32
		{8DB432D7-D711-44D8-9D10-515FF387FAB9}.Release|x86.Build.0 = Release|Win32
		{246EC47C-95FF-4434-B4B4-13698B7C38A2}.Debug|x64.ActiveCfg = Debug|x64
		{246EC47C-95FF-4434-B4B4-13698B7C38A2}.Debug|x64.Build.0 = Debug|x64
		{246EC47C-95FF-4434-B4B4-13698B7C38A2}.Debug|x86.ActiveCfg = Debug|Win32
		{246EC47C-95FF-4434-B4B4-13698B7C38A2}.Debug|x86.Build.0 = Debug|Win32
		{246EC47C-95FF-4434-B4B4-13698B7C38A2}.Release|x64.ActiveCfg = Release|x64
		{246EC47C-95FF-4434-B4B4-13698B7C38A2}.Release|x64.Build.0 = Release|x64
		{246EC47C-95FF-4434-B4B4-13698B7C38A2}.Release|x86.ActiveCfg = Release|Win32
		{246EC47C-95FF-4434-B4B4-13698B7C38A2}.Release|x86.Build.0 = Release|Win32
		{D8F84074-1CB2-488B-9F91-BC286E99158B}.Debug|x64.ActiveCfg = Debug|x64
		{D8F84074-1CB2-488B-9F91-BC286E99158B}.Debug|x64.Build.0 = Debug|x64
		{D8F84074-1CB2-488B-9F91-BC286E99158B}.Debug|x86.ActiveCfg = Debug|Win32
		{D8F84074-1CB2-488B-9F91-BC286E99158B}.Debug|x86.Build.0 = Debug|Win32
		{D8F84074-1CB2-488B-9F91-BC286E99158B}.Release|x64.ActiveCfg = Release|x64
		{D8F84074-1CB2-488B-9F91-BC286E99158B}.Release|x64.Build.0 = Release|x64
		{D8F84074-1CB2-488B-9F91-BC286E99158B}.Release|x86.ActiveCfg = Release|Win32
		{D8F84074-1CB2-488B-9F91-BC286E99158B}.Release|x86.Build.0 = Release|Win32
	EndGlobalSection
	GlobalSection(SolutionProperties) = preSolution
		HideSolutionNode = FALSE
	EndGlobalSection
	GlobalSection(ExtensibilityGlobals) = postSolution
		SolutionGuid = {7C4788FA-1614-4B2D-A0D8-9127140CFF87}
	EndGlobalSection
EndGlobal
